
Microsoft Visual Studio Solution File, Format Version 12.00
# Visual Studio Version 17
VisualStudioVersion = 17.1.32414.318
MinimumVisualStudioVersion = 10.0.40219.1
Project("{9A19103F-16F7-4668-BE54-9A1E7A4F7556}") = "FinCtrl.Backend.Core.RestAPI", "FinCtrl.Backend.Core.RestAPI\FinCtrl.Backend.Core.RestAPI.csproj", "{9E2E2BBF-44BD-4043-BDA0-C21982175E77}"
EndProject
Project("{FAE04EC0-301F-11D3-BF4B-00C04F79EFBC}") = "FinCtrl.Website", "FinCtrl.Website\FinCtrl.Website.csproj", "{AE6E31A6-A672-4C5F-A96B-4E61200C3EB0}"
EndProject
Global
	GlobalSection(SolutionConfigurationPlatforms) = preSolution
		Debug|Any CPU = Debug|Any CPU
		Release|Any CPU = Release|Any CPU
	EndGlobalSection
	GlobalSection(ProjectConfigurationPlatforms) = postSolution
		{9E2E2BBF-44BD-4043-BDA0-C21982175E77}.Debug|Any CPU.ActiveCfg = Debug|Any CPU
		{9E2E2BBF-44BD-4043-BDA0-C21982175E77}.Debug|Any CPU.Build.0 = Debug|Any CPU
		{9E2E2BBF-44BD-4043-BDA0-C21982175E77}.Release|Any CPU.ActiveCfg = Release|Any CPU
		{9E2E2BBF-44BD-4043-BDA0-C21982175E77}.Release|Any CPU.Build.0 = Release|Any CPU
		{AE6E31A6-A672-4C5F-A96B-4E61200C3EB0}.Debug|Any CPU.ActiveCfg = Debug|Any CPU
		{AE6E31A6-A672-4C5F-A96B-4E61200C3EB0}.Debug|Any CPU.Build.0 = Debug|Any CPU
		{AE6E31A6-A672-4C5F-A96B-4E61200C3EB0}.Release|Any CPU.ActiveCfg = Release|Any CPU
		{AE6E31A6-A672-4C5F-A96B-4E61200C3EB0}.Release|Any CPU.Build.0 = Release|Any CPU
	EndGlobalSection
	GlobalSection(SolutionProperties) = preSolution
		HideSolutionNode = FALSE
	EndGlobalSection
	GlobalSection(ExtensibilityGlobals) = postSolution
		SolutionGuid = {962EA100-F253-4A51-9C40-F0DBB3C7BFD6}
	EndGlobalSection
EndGlobal
